
Microsoft Visual Studio Solution File, Format Version 12.00
# Visual Studio Version 16
VisualStudioVersion = 16.0.32802.440
MinimumVisualStudioVersion = 10.0.40219.1
Project("{FAE04EC0-301F-11D3-BF4B-00C04F79EFBC}") = "Lv1_program", "Lv1_program.csproj", "{4D7B80AF-0E24-4104-AADE-2C521C809EA6}"
EndProject
Global
	GlobalSection(SolutionConfigurationPlatforms) = preSolution
		Debug|Any CPU = Debug|Any CPU
		Release|Any CPU = Release|Any CPU
	EndGlobalSection
	GlobalSection(ProjectConfigurationPlatforms) = postSolution
		{4D7B80AF-0E24-4104-AADE-2C521C809EA6}.Debug|Any CPU.ActiveCfg = Debug|Any CPU
		{4D7B80AF-0E24-4104-AADE-2C521C809EA6}.Debug|Any CPU.Build.0 = Debug|Any CPU
		{4D7B80AF-0E24-4104-AADE-2C521C809EA6}.Release|Any CPU.ActiveCfg = Release|Any CPU
		{4D7B80AF-0E24-4104-AADE-2C521C809EA6}.Release|Any CPU.Build.0 = Release|Any CPU
	EndGlobalSection
	GlobalSection(SolutionProperties) = preSolution
		HideSolutionNode = FALSE
	EndGlobalSection
	GlobalSection(ExtensibilityGlobals) = postSolution
		SolutionGuid = {3F998A6D-C099-4A5E-A4C7-27BBD5B001B2}
	EndGlobalSection
EndGlobal
